<?xml version="1.0" encoding="UTF-8" standalone="yes" ?>
<CodeBlocks_project_file>
	<FileVersion major="1" minor="6" />
	<Project>
		<Option title="Hexagons - Windows" />
		<Option pch_mode="2" />
		<Option compiler="gcc" />
		<Build>
			<Target title="Release">
				<Option platforms="Windows;" />
				<Option output="hexagons" prefix_auto="1" extension_auto="1" />
				<Option working_dir="H:/projects/irrlicht/Hexagons" />
				<Option object_output="H:/projects/irrlicht/Hexagons/obj" />
				<Option type="1" />
				<Option compiler="gcc" />
				<Compiler>
					<Add option="-O2" />
				</Compiler>
				<Linker>
					<Add option="-s" />
				</Linker>
			</Target>
		</Build>
		<Compiler>
			<Add option="-Wall" />
			<Add option="-D_IRR_STATIC_LIB_" />
			<Add directory="H:/libraries/irrlicht-1.8.1/include" />
		</Compiler>
		<Linker>
			<Add library="Irrlicht" />
			<Add library="opengl32" />
			<Add library="glu32" />
			<Add library="gdi32" />
			<Add library="winmm" />
			<Add directory="H:/libraries/irrlicht-1.8.1/lib/Win32-gcc" />
		</Linker>
		<Unit filename="application.h" />
		<Unit filename="globals.h" />
		<Unit filename="main.cpp" />
		<Extensions>
			<code_completion />
			<envvars />
			<debugger />
			<lib_finder disable_auto="1" />
		</Extensions>
	</Project>
</CodeBlocks_project_file>
